
Microsoft Visual Studio Solution File, Format Version 12.00
# Visual Studio Version 16
VisualStudioVersion = 16.0.30104.148
MinimumVisualStudioVersion = 10.0.40219.1
Project("{9A19103F-16F7-4668-BE54-9A1E7A4F7556}") = "OtpReact", "OtpReact\OtpReact.csproj", "{C65C50AD-C84F-4CA9-A34E-60883820F104}"
EndProject
Project("{FAE04EC0-301F-11D3-BF4B-00C04F79EFBC}") = "OtpReact.Tests", "OtpReact.Tests\OtpReact.Tests.csproj", "{1114A61C-930B-4406-A0CC-71A22CEF88E7}"
EndProject
Global
	GlobalSection(SolutionConfigurationPlatforms) = preSolution
		Debug|Any CPU = Debug|Any CPU
		Release|Any CPU = Release|Any CPU
	EndGlobalSection
	GlobalSection(ProjectConfigurationPlatforms) = postSolution
		{C65C50AD-C84F-4CA9-A34E-60883820F104}.Debug|Any CPU.ActiveCfg = Debug|Any CPU
		{C65C50AD-C84F-4CA9-A34E-60883820F104}.Debug|Any CPU.Build.0 = Debug|Any CPU
		{C65C50AD-C84F-4CA9-A34E-60883820F104}.Release|Any CPU.ActiveCfg = Release|Any CPU
		{C65C50AD-C84F-4CA9-A34E-60883820F104}.Release|Any CPU.Build.0 = Release|Any CPU
		{1114A61C-930B-4406-A0CC-71A22CEF88E7}.Debug|Any CPU.ActiveCfg = Debug|Any CPU
		{1114A61C-930B-4406-A0CC-71A22CEF88E7}.Debug|Any CPU.Build.0 = Debug|Any CPU
		{1114A61C-930B-4406-A0CC-71A22CEF88E7}.Release|Any CPU.ActiveCfg = Release|Any CPU
		{1114A61C-930B-4406-A0CC-71A22CEF88E7}.Release|Any CPU.Build.0 = Release|Any CPU
	EndGlobalSection
	GlobalSection(SolutionProperties) = preSolution
		HideSolutionNode = FALSE
	EndGlobalSection
	GlobalSection(ExtensibilityGlobals) = postSolution
		SolutionGuid = {92BB2916-F527-416F-A135-7FF797EBFE5F}
	EndGlobalSection
EndGlobal
